// !$*UTF8*$!
{
	archiveVersion = 1;
	classes = {
	};
	objectVersion = 56;
	objects = {

/* Begin PBXBuildFile section */
		630C2B3B293659750068314E /* 11.29.swift in Sources */ = {isa = PBXBuildFile; fileRef = 630C2B3A293659750068314E /* 11.29.swift */; };
		630C2B3F293799A10068314E /* 11.30.swift in Sources */ = {isa = PBXBuildFile; fileRef = 630C2B3E293799A10068314E /* 11.30.swift */; };
		630C2B4A2938D8430068314E /* 12.1.swift in Sources */ = {isa = PBXBuildFile; fileRef = 630C2B492938D8430068314E /* 12.1.swift */; };
		63669CB329DD5A3700DB9AE4 /* 0단계.swift in Sources */ = {isa = PBXBuildFile; fileRef = 63669CB229DD5A3700DB9AE4 /* 0단계.swift */; };
		6390AFC5299A8E8A0037E1AC /* 2.13~14.swift in Sources */ = {isa = PBXBuildFile; fileRef = 6390AFC4299A8E8A0037E1AC /* 2.13~14.swift */; };
		6390AFCD299C95A00037E1AC /* 2.15~.swift in Sources */ = {isa = PBXBuildFile; fileRef = 6390AFCC299C95A00037E1AC /* 2.15~.swift */; };
		6390AFD429A36FB40037E1AC /* 2.20~.swift in Sources */ = {isa = PBXBuildFile; fileRef = 6390AFD329A36FB40037E1AC /* 2.20~.swift */; };
		63913D8629350958005D02F2 /* 11.28.swift in Sources */ = {isa = PBXBuildFile; fileRef = 63913D8529350958005D02F2 /* 11.28.swift */; };
		639FAA3D29ADC99D0054CC01 /* 2.27.swift in Sources */ = {isa = PBXBuildFile; fileRef = 639FAA3C29ADC99D0054CC01 /* 2.27.swift */; };
		63A6EEED295737BF00E442EA /* 12.24.swift in Sources */ = {isa = PBXBuildFile; fileRef = 63A6EEEC295737BF00E442EA /* 12.24.swift */; };
		63EAACB329337B3A00CB2396 /* 11.27.swift in Sources */ = {isa = PBXBuildFile; fileRef = 63EAACB229337B3A00CB2396 /* 11.27.swift */; };
/* End PBXBuildFile section */

/* Begin PBXFileReference section */
		630C2B3A293659750068314E /* 11.29.swift */ = {isa = PBXFileReference; lastKnownFileType = sourcecode.swift; path = 11.29.swift; sourceTree = "<group>"; };
		630C2B3E293799A10068314E /* 11.30.swift */ = {isa = PBXFileReference; lastKnownFileType = sourcecode.swift; path = 11.30.swift; sourceTree = "<group>"; };
		630C2B492938D8430068314E /* 12.1.swift */ = {isa = PBXFileReference; lastKnownFileType = sourcecode.swift; path = 12.1.swift; sourceTree = "<group>"; };
		63669CB229DD5A3700DB9AE4 /* 0단계.swift */ = {isa = PBXFileReference; lastKnownFileType = sourcecode.swift; path = "0단계.swift"; sourceTree = "<group>"; };
		6390AFC4299A8E8A0037E1AC /* 2.13~14.swift */ = {isa = PBXFileReference; lastKnownFileType = sourcecode.swift; path = "2.13~14.swift"; sourceTree = "<group>"; };
		6390AFCC299C95A00037E1AC /* 2.15~.swift */ = {isa = PBXFileReference; lastKnownFileType = sourcecode.swift; path = "2.15~.swift"; sourceTree = "<group>"; };
		6390AFD329A36FB40037E1AC /* 2.20~.swift */ = {isa = PBXFileReference; lastKnownFileType = sourcecode.swift; path = "2.20~.swift"; sourceTree = "<group>"; };
		63913D8529350958005D02F2 /* 11.28.swift */ = {isa = PBXFileReference; lastKnownFileType = sourcecode.swift; path = 11.28.swift; sourceTree = "<group>"; };
		639FAA3C29ADC99D0054CC01 /* 2.27.swift */ = {isa = PBXFileReference; lastKnownFileType = sourcecode.swift; path = 2.27.swift; sourceTree = "<group>"; };
		63A6EEEC295737BF00E442EA /* 12.24.swift */ = {isa = PBXFileReference; lastKnownFileType = sourcecode.swift; path = 12.24.swift; sourceTree = "<group>"; };
		63EAAC9829337AEA00CB2396 /* CodingTest.app */ = {isa = PBXFileReference; explicitFileType = wrapper.application; includeInIndex = 0; path = CodingTest.app; sourceTree = BUILT_PRODUCTS_DIR; };
		63EAACB229337B3A00CB2396 /* 11.27.swift */ = {isa = PBXFileReference; lastKnownFileType = sourcecode.swift; path = 11.27.swift; sourceTree = "<group>"; };
/* End PBXFileReference section */

/* Begin PBXFrameworksBuildPhase section */
		63EAAC9529337AEA00CB2396 /* Frameworks */ = {
			isa = PBXFrameworksBuildPhase;
			buildActionMask = 2147483647;
			files = (
			);
			runOnlyForDeploymentPostprocessing = 0;
		};
/* End PBXFrameworksBuildPhase section */

/* Begin PBXGroup section */
		63669CB129DD5A2C00DB9AE4 /* 0단계 진행중 */ = {
			isa = PBXGroup;
			children = (
				63669CB229DD5A3700DB9AE4 /* 0단계.swift */,
			);
			name = "0단계 진행중";
			path = "0단계 진행중";
			sourceTree = "<group>";
		};
		6390AFC3299A8E790037E1AC /* 23.2.13~ */ = {
			isa = PBXGroup;
			children = (
				6390AFC4299A8E8A0037E1AC /* 2.13~14.swift */,
				6390AFCC299C95A00037E1AC /* 2.15~.swift */,
			);
			path = "23.2.13~";
			sourceTree = "<group>";
		};
		6390AFD229A36FA60037E1AC /* 23.2.20~ */ = {
			isa = PBXGroup;
			children = (
				6390AFD329A36FB40037E1AC /* 2.20~.swift */,
			);
			path = "23.2.20~";
			sourceTree = "<group>";
		};
		639FAA3B29ADC9910054CC01 /* 23.227~ */ = {
			isa = PBXGroup;
			children = (
				639FAA3C29ADC99D0054CC01 /* 2.27.swift */,
			);
			path = "23.227~";
			sourceTree = "<group>";
		};
		63A6EEEB295737B300E442EA /* 12 */ = {
			isa = PBXGroup;
			children = (
				63A6EEEC295737BF00E442EA /* 12.24.swift */,
			);
			path = 12;
			sourceTree = "<group>";
		};
		63EAAC8F29337AEA00CB2396 = {
			isa = PBXGroup;
			children = (
				63EAAC9A29337AEA00CB2396 /* CodingTest */,
				63EAAC9929337AEA00CB2396 /* Products */,
			);
			sourceTree = "<group>";
		};
		63EAAC9929337AEA00CB2396 /* Products */ = {
			isa = PBXGroup;
			children = (
				63EAAC9829337AEA00CB2396 /* CodingTest.app */,
			);
			name = Products;
			sourceTree = "<group>";
		};
		63EAAC9A29337AEA00CB2396 /* CodingTest */ = {
			isa = PBXGroup;
			children = (
				63669CB129DD5A2C00DB9AE4 /* 0단계 진행중 */,
				639FAA3B29ADC9910054CC01 /* 23.227~ */,
				6390AFD229A36FA60037E1AC /* 23.2.20~ */,
				6390AFC3299A8E790037E1AC /* 23.2.13~ */,
				63EAACAF29337AF600CB2396 /* 11.27~12.1 */,
				63A6EEEB295737B300E442EA /* 12 */,
			);
			path = CodingTest;
			sourceTree = "<group>";
		};
		63EAACAF29337AF600CB2396 /* 11.27~12.1 */ = {
			isa = PBXGroup;
			children = (
				63EAACB029337B2800CB2396 /* 11.27 */,
			);
			name = "11.27~12.1";
			path = "11월5주차 시작";
			sourceTree = "<group>";
		};
		63EAACB029337B2800CB2396 /* 11.27 */ = {
			isa = PBXGroup;
			children = (
				63EAACB229337B3A00CB2396 /* 11.27.swift */,
				63913D8529350958005D02F2 /* 11.28.swift */,
				630C2B3A293659750068314E /* 11.29.swift */,
				630C2B3E293799A10068314E /* 11.30.swift */,
				630C2B492938D8430068314E /* 12.1.swift */,
			);
			path = 11.27;
			sourceTree = "<group>";
		};
/* End PBXGroup section */

/* Begin PBXNativeTarget section */
		63EAAC9729337AEA00CB2396 /* CodingTest */ = {
			isa = PBXNativeTarget;
			buildConfigurationList = 63EAACAC29337AEC00CB2396 /* Build configuration list for PBXNativeTarget "CodingTest" */;
			buildPhases = (
				63EAAC9429337AEA00CB2396 /* Sources */,
				63EAAC9529337AEA00CB2396 /* Frameworks */,
				63EAAC9629337AEA00CB2396 /* Resources */,
			);
			buildRules = (
			);
			dependencies = (
			);
			name = CodingTest;
			productName = CodingTest;
			productReference = 63EAAC9829337AEA00CB2396 /* CodingTest.app */;
			productType = "com.apple.product-type.application";
		};
/* End PBXNativeTarget section */

/* Begin PBXProject section */
		63EAAC9029337AEA00CB2396 /* Project object */ = {
			isa = PBXProject;
			attributes = {
				BuildIndependentTargetsInParallel = 1;
				LastSwiftUpdateCheck = 1400;
				LastUpgradeCheck = 1400;
				TargetAttributes = {
					63EAAC9729337AEA00CB2396 = {
						CreatedOnToolsVersion = 14.0;
						LastSwiftMigration = 1400;
					};
				};
			};
			buildConfigurationList = 63EAAC9329337AEA00CB2396 /* Build configuration list for PBXProject "CodingTest" */;
			compatibilityVersion = "Xcode 14.0";
			developmentRegion = en;
			hasScannedForEncodings = 0;
			knownRegions = (
				en,
				Base,
			);
			mainGroup = 63EAAC8F29337AEA00CB2396;
			productRefGroup = 63EAAC9929337AEA00CB2396 /* Products */;
			projectDirPath = "";
			projectRoot = "";
			targets = (
				63EAAC9729337AEA00CB2396 /* CodingTest */,
			);
		};
/* End PBXProject section */

/* Begin PBXResourcesBuildPhase section */
		63EAAC9629337AEA00CB2396 /* Resources */ = {
			isa = PBXResourcesBuildPhase;
			buildActionMask = 2147483647;
			files = (
			);
			runOnlyForDeploymentPostprocessing = 0;
		};
/* End PBXResourcesBuildPhase section */

/* Begin PBXSourcesBuildPhase section */
		63EAAC9429337AEA00CB2396 /* Sources */ = {
			isa = PBXSourcesBuildPhase;
			buildActionMask = 2147483647;
			files = (
				639FAA3D29ADC99D0054CC01 /* 2.27.swift in Sources */,
				63669CB329DD5A3700DB9AE4 /* 0단계.swift in Sources */,
				630C2B4A2938D8430068314E /* 12.1.swift in Sources */,
				630C2B3B293659750068314E /* 11.29.swift in Sources */,
				6390AFCD299C95A00037E1AC /* 2.15~.swift in Sources */,
				630C2B3F293799A10068314E /* 11.30.swift in Sources */,
				63A6EEED295737BF00E442EA /* 12.24.swift in Sources */,
				63913D8629350958005D02F2 /* 11.28.swift in Sources */,
				63EAACB329337B3A00CB2396 /* 11.27.swift in Sources */,
				6390AFD429A36FB40037E1AC /* 2.20~.swift in Sources */,
				6390AFC5299A8E8A0037E1AC /* 2.13~14.swift in Sources */,
			);
			runOnlyForDeploymentPostprocessing = 0;
		};
/* End PBXSourcesBuildPhase section */

/* Begin XCBuildConfiguration section */
		63EAACAA29337AEC00CB2396 /* Debug */ = {
			isa = XCBuildConfiguration;
			buildSettings = {
				ALWAYS_SEARCH_USER_PATHS = NO;
				CLANG_ANALYZER_NONNULL = YES;
				CLANG_ANALYZER_NUMBER_OBJECT_CONVERSION = YES_AGGRESSIVE;
				CLANG_CXX_LANGUAGE_STANDARD = "gnu++20";
				CLANG_ENABLE_MODULES = YES;
				CLANG_ENABLE_OBJC_ARC = YES;
				CLANG_ENABLE_OBJC_WEAK = YES;
				CLANG_WARN_BLOCK_CAPTURE_AUTORELEASING = YES;
				CLANG_WARN_BOOL_CONVERSION = YES;
				CLANG_WARN_COMMA = YES;
				CLANG_WARN_CONSTANT_CONVERSION = YES;
				CLANG_WARN_DEPRECATED_OBJC_IMPLEMENTATIONS = YES;
				CLANG_WARN_DIRECT_OBJC_ISA_USAGE = YES_ERROR;
				CLANG_WARN_DOCUMENTATION_COMMENTS = YES;
				CLANG_WARN_EMPTY_BODY = YES;
				CLANG_WARN_ENUM_CONVERSION = YES;
				CLANG_WARN_INFINITE_RECURSION = YES;
				CLANG_WARN_INT_CONVERSION = YES;
				CLANG_WARN_NON_LITERAL_NULL_CONVERSION = YES;
				CLANG_WARN_OBJC_IMPLICIT_RETAIN_SELF = YES;
				CLANG_WARN_OBJC_LITERAL_CONVERSION = YES;
				CLANG_WARN_OBJC_ROOT_CLASS = YES_ERROR;
				CLANG_WARN_QUOTED_INCLUDE_IN_FRAMEWORK_HEADER = YES;
				CLANG_WARN_RANGE_LOOP_ANALYSIS = YES;
				CLANG_WARN_STRICT_PROTOTYPES = YES;
				CLANG_WARN_SUSPICIOUS_MOVE = YES;
				CLANG_WARN_UNGUARDED_AVAILABILITY = YES_AGGRESSIVE;
				CLANG_WARN_UNREACHABLE_CODE = YES;
				CLANG_WARN__DUPLICATE_METHOD_MATCH = YES;
				COPY_PHASE_STRIP = NO;
				DEBUG_INFORMATION_FORMAT = dwarf;
				ENABLE_STRICT_OBJC_MSGSEND = YES;
				ENABLE_TESTABILITY = YES;
				GCC_C_LANGUAGE_STANDARD = gnu11;
				GCC_DYNAMIC_NO_PIC = NO;
				GCC_NO_COMMON_BLOCKS = YES;
				GCC_OPTIMIZATION_LEVEL = 0;
				GCC_PREPROCESSOR_DEFINITIONS = (
					"DEBUG=1",
					"$(inherited)",
				);
				GCC_WARN_64_TO_32_BIT_CONVERSION = YES;
				GCC_WARN_ABOUT_RETURN_TYPE = YES_ERROR;
				GCC_WARN_UNDECLARED_SELECTOR = YES;
				GCC_WARN_UNINITIALIZED_AUTOS = YES_AGGRESSIVE;
				GCC_WARN_UNUSED_FUNCTION = YES;
				GCC_WARN_UNUSED_VARIABLE = YES;
				IPHONEOS_DEPLOYMENT_TARGET = 16.0;
				MTL_ENABLE_DEBUG_INFO = INCLUDE_SOURCE;
				MTL_FAST_MATH = YES;
				ONLY_ACTIVE_ARCH = YES;
				SDKROOT = iphoneos;
				SWIFT_ACTIVE_COMPILATION_CONDITIONS = DEBUG;
				SWIFT_OPTIMIZATION_LEVEL = "-Onone";
			};
			name = Debug;
		};
		63EAACAB29337AEC00CB2396 /* Release */ = {
			isa = XCBuildConfiguration;
			buildSettings = {
				ALWAYS_SEARCH_USER_PATHS = NO;
				CLANG_ANALYZER_NONNULL = YES;
				CLANG_ANALYZER_NUMBER_OBJECT_CONVERSION = YES_AGGRESSIVE;
				CLANG_CXX_LANGUAGE_STANDARD = "gnu++20";
				CLANG_ENABLE_MODULES = YES;
				CLANG_ENABLE_OBJC_ARC = YES;
				CLANG_ENABLE_OBJC_WEAK = YES;
				CLANG_WARN_BLOCK_CAPTURE_AUTORELEASING = YES;
				CLANG_WARN_BOOL_CONVERSION = YES;
				CLANG_WARN_COMMA = YES;
				CLANG_WARN_CONSTANT_CONVERSION = YES;
				CLANG_WARN_DEPRECATED_OBJC_IMPLEMENTATIONS = YES;
				CLANG_WARN_DIRECT_OBJC_ISA_USAGE = YES_ERROR;
				CLANG_WARN_DOCUMENTATION_COMMENTS = YES;
				CLANG_WARN_EMPTY_BODY = YES;
				CLANG_WARN_ENUM_CONVERSION = YES;
				CLANG_WARN_INFINITE_RECURSION = YES;
				CLANG_WARN_INT_CONVERSION = YES;
				CLANG_WARN_NON_LITERAL_NULL_CONVERSION = YES;
				CLANG_WARN_OBJC_IMPLICIT_RETAIN_SELF = YES;
				CLANG_WARN_OBJC_LITERAL_CONVERSION = YES;
				CLANG_WARN_OBJC_ROOT_CLASS = YES_ERROR;
				CLANG_WARN_QUOTED_INCLUDE_IN_FRAMEWORK_HEADER = YES;
				CLANG_WARN_RANGE_LOOP_ANALYSIS = YES;
				CLANG_WARN_STRICT_PROTOTYPES = YES;
				CLANG_WARN_SUSPICIOUS_MOVE = YES;
				CLANG_WARN_UNGUARDED_AVAILABILITY = YES_AGGRESSIVE;
				CLANG_WARN_UNREACHABLE_CODE = YES;
				CLANG_WARN__DUPLICATE_METHOD_MATCH = YES;
				COPY_PHASE_STRIP = NO;
				DEBUG_INFORMATION_FORMAT = "dwarf-with-dsym";
				ENABLE_NS_ASSERTIONS = NO;
				ENABLE_STRICT_OBJC_MSGSEND = YES;
				GCC_C_LANGUAGE_STANDARD = gnu11;
				GCC_NO_COMMON_BLOCKS = YES;
				GCC_WARN_64_TO_32_BIT_CONVERSION = YES;
				GCC_WARN_ABOUT_RETURN_TYPE = YES_ERROR;
				GCC_WARN_UNDECLARED_SELECTOR = YES;
				GCC_WARN_UNINITIALIZED_AUTOS = YES_AGGRESSIVE;
				GCC_WARN_UNUSED_FUNCTION = YES;
				GCC_WARN_UNUSED_VARIABLE = YES;
				IPHONEOS_DEPLOYMENT_TARGET = 16.0;
				MTL_ENABLE_DEBUG_INFO = NO;
				MTL_FAST_MATH = YES;
				SDKROOT = iphoneos;
				SWIFT_COMPILATION_MODE = wholemodule;
				SWIFT_OPTIMIZATION_LEVEL = "-O";
				VALIDATE_PRODUCT = YES;
			};
			name = Release;
		};
		63EAACAD29337AEC00CB2396 /* Debug */ = {
			isa = XCBuildConfiguration;
			buildSettings = {
				ASSETCATALOG_COMPILER_APPICON_NAME = AppIcon;
				ASSETCATALOG_COMPILER_GLOBAL_ACCENT_COLOR_NAME = AccentColor;
				CLANG_ENABLE_MODULES = YES;
				CODE_SIGN_STYLE = Automatic;
				CURRENT_PROJECT_VERSION = 1;
				GENERATE_INFOPLIST_FILE = YES;
				INFOPLIST_FILE = CodingTest/Info.plist;
				INFOPLIST_KEY_UIApplicationSupportsIndirectInputEvents = YES;
				INFOPLIST_KEY_UILaunchStoryboardName = LaunchScreen;
				INFOPLIST_KEY_UIMainStoryboardFile = Main;
				INFOPLIST_KEY_UISupportedInterfaceOrientations_iPad = "UIInterfaceOrientationPortrait UIInterfaceOrientationPortraitUpsideDown UIInterfaceOrientationLandscapeLeft UIInterfaceOrientationLandscapeRight";
				INFOPLIST_KEY_UISupportedInterfaceOrientations_iPhone = "UIInterfaceOrientationPortrait UIInterfaceOrientationLandscapeLeft UIInterfaceOrientationLandscapeRight";
				LD_RUNPATH_SEARCH_PATHS = (
					"$(inherited)",
					"@executable_path/Frameworks",
				);
				MARKETING_VERSION = 1.0;
				PRODUCT_BUNDLE_IDENTIFIER = kr.co.hemg2.CodingTest;
				PRODUCT_NAME = "$(TARGET_NAME)";
				SWIFT_EMIT_LOC_STRINGS = YES;
				SWIFT_OBJC_BRIDGING_HEADER = "CodingTest/11월5주차 시작/11.27/CodingTest-Bridging-Header.h";
				SWIFT_OPTIMIZATION_LEVEL = "-Onone";
				SWIFT_VERSION = 5.0;
				TARGETED_DEVICE_FAMILY = "1,2";
			};
			name = Debug;
		};
		63EAACAE29337AEC00CB2396 /* Release */ = {
			isa = XCBuildConfiguration;
			buildSettings = {
				ASSETCATALOG_COMPILER_APPICON_NAME = AppIcon;
				ASSETCATALOG_COMPILER_GLOBAL_ACCENT_COLOR_NAME = AccentColor;
				CLANG_ENABLE_MODULES = YES;
				CODE_SIGN_STYLE = Automatic;
				CURRENT_PROJECT_VERSION = 1;
				GENERATE_INFOPLIST_FILE = YES;
				INFOPLIST_FILE = CodingTest/Info.plist;
				INFOPLIST_KEY_UIApplicationSupportsIndirectInputEvents = YES;
				INFOPLIST_KEY_UILaunchStoryboardName = LaunchScreen;
				INFOPLIST_KEY_UIMainStoryboardFile = Main;
				INFOPLIST_KEY_UISupportedInterfaceOrientations_iPad = "UIInterfaceOrientationPortrait UIInterfaceOrientationPortraitUpsideDown UIInterfaceOrientationLandscapeLeft UIInterfaceOrientationLandscapeRight";
				INFOPLIST_KEY_UISupportedInterfaceOrientations_iPhone = "UIInterfaceOrientationPortrait UIInterfaceOrientationLandscapeLeft UIInterfaceOrientationLandscapeRight";
				LD_RUNPATH_SEARCH_PATHS = (
					"$(inherited)",
					"@executable_path/Frameworks",
				);
				MARKETING_VERSION = 1.0;
				PRODUCT_BUNDLE_IDENTIFIER = kr.co.hemg2.CodingTest;
				PRODUCT_NAME = "$(TARGET_NAME)";
				SWIFT_EMIT_LOC_STRINGS = YES;
				SWIFT_OBJC_BRIDGING_HEADER = "CodingTest/11월5주차 시작/11.27/CodingTest-Bridging-Header.h";
				SWIFT_VERSION = 5.0;
				TARGETED_DEVICE_FAMILY = "1,2";
			};
			name = Release;
		};
/* End XCBuildConfiguration section */

/* Begin XCConfigurationList section */
		63EAAC9329337AEA00CB2396 /* Build configuration list for PBXProject "CodingTest" */ = {
			isa = XCConfigurationList;
			buildConfigurations = (
				63EAACAA29337AEC00CB2396 /* Debug */,
				63EAACAB29337AEC00CB2396 /* Release */,
			);
			defaultConfigurationIsVisible = 0;
			defaultConfigurationName = Release;
		};
		63EAACAC29337AEC00CB2396 /* Build configuration list for PBXNativeTarget "CodingTest" */ = {
			isa = XCConfigurationList;
			buildConfigurations = (
				63EAACAD29337AEC00CB2396 /* Debug */,
				63EAACAE29337AEC00CB2396 /* Release */,
			);
			defaultConfigurationIsVisible = 0;
			defaultConfigurationName = Release;
		};
/* End XCConfigurationList section */
	};
	rootObject = 63EAAC9029337AEA00CB2396 /* Project object */;
}
